
Microsoft Visual Studio Solution File, Format Version 12.00
# Visual Studio Version 17
VisualStudioVersion = 17.9.34728.123
MinimumVisualStudioVersion = 10.0.40219.1
Project("{FAE04EC0-301F-11D3-BF4B-00C04F79EFBC}") = "VetorAluguel", "VetorAluguel\VetorAluguel.csproj", "{1114EADE-22D9-4AC2-A47A-EA0F9E81106E}"
EndProject
Global
	GlobalSection(SolutionConfigurationPlatforms) = preSolution
		Debug|Any CPU = Debug|Any CPU
		Release|Any CPU = Release|Any CPU
	EndGlobalSection
	GlobalSection(ProjectConfigurationPlatforms) = postSolution
		{1114EADE-22D9-4AC2-A47A-EA0F9E81106E}.Debug|Any CPU.ActiveCfg = Debug|Any CPU
		{1114EADE-22D9-4AC2-A47A-EA0F9E81106E}.Debug|Any CPU.Build.0 = Debug|Any CPU
		{1114EADE-22D9-4AC2-A47A-EA0F9E81106E}.Release|Any CPU.ActiveCfg = Release|Any CPU
		{1114EADE-22D9-4AC2-A47A-EA0F9E81106E}.Release|Any CPU.Build.0 = Release|Any CPU
	EndGlobalSection
	GlobalSection(SolutionProperties) = preSolution
		HideSolutionNode = FALSE
	EndGlobalSection
	GlobalSection(ExtensibilityGlobals) = postSolution
		SolutionGuid = {78F0F81C-1B04-471E-8A51-16B7F4963109}
	EndGlobalSection
EndGlobal
